
Microsoft Visual Studio Solution File, Format Version 12.00
# Visual Studio 15
VisualStudioVersion = 15.0.27428.2037
MinimumVisualStudioVersion = 10.0.40219.1
Project("{9A19103F-16F7-4668-BE54-9A1E7A4F7556}") = "to.requesthandler", "to.requesthandler\to.requesthandler.csproj", "{CBF24370-16D1-4C01-89CD-629D6620385E}"
EndProject
Project("{9A19103F-16F7-4668-BE54-9A1E7A4F7556}") = "to.requesthandler.test", "to.requesthandler.test\to.requesthandler.test.csproj", "{256BD8F3-D626-401E-B836-E47B224B4D08}"
EndProject
Global
	GlobalSection(SolutionConfigurationPlatforms) = preSolution
		Debug|Any CPU = Debug|Any CPU
		Release|Any CPU = Release|Any CPU
	EndGlobalSection
	GlobalSection(ProjectConfigurationPlatforms) = postSolution
		{CBF24370-16D1-4C01-89CD-629D6620385E}.Debug|Any CPU.ActiveCfg = Debug|Any CPU
		{CBF24370-16D1-4C01-89CD-629D6620385E}.Debug|Any CPU.Build.0 = Debug|Any CPU
		{CBF24370-16D1-4C01-89CD-629D6620385E}.Release|Any CPU.ActiveCfg = Release|Any CPU
		{CBF24370-16D1-4C01-89CD-629D6620385E}.Release|Any CPU.Build.0 = Release|Any CPU
		{256BD8F3-D626-401E-B836-E47B224B4D08}.Debug|Any CPU.ActiveCfg = Debug|Any CPU
		{256BD8F3-D626-401E-B836-E47B224B4D08}.Debug|Any CPU.Build.0 = Debug|Any CPU
		{256BD8F3-D626-401E-B836-E47B224B4D08}.Release|Any CPU.ActiveCfg = Release|Any CPU
		{256BD8F3-D626-401E-B836-E47B224B4D08}.Release|Any CPU.Build.0 = Release|Any CPU
	EndGlobalSection
	GlobalSection(SolutionProperties) = preSolution
		HideSolutionNode = FALSE
	EndGlobalSection
	GlobalSection(ExtensibilityGlobals) = postSolution
		SolutionGuid = {B2E11E0B-2740-45AF-9492-22CC4A3240FF}
	EndGlobalSection
EndGlobal
