
Microsoft Visual Studio Solution File, Format Version 12.00
# Visual Studio 15
VisualStudioVersion = 15.0.27428.2037
MinimumVisualStudioVersion = 10.0.40219.1
Project("{9A19103F-16F7-4668-BE54-9A1E7A4F7556}") = "to.totalorder", "to.totalorder\to.totalorder.csproj", "{3F2C46AE-C52D-4AB7-B84F-B07FB1BE064A}"
EndProject
Project("{FAE04EC0-301F-11D3-BF4B-00C04F79EFBC}") = "to.totalorder.tests", "to.totalorder.tests\to.totalorder.tests.csproj", "{7B432978-6107-4222-AD03-FDE42ED9E0B7}"
EndProject
Global
	GlobalSection(SolutionConfigurationPlatforms) = preSolution
		Debug|Any CPU = Debug|Any CPU
		Release|Any CPU = Release|Any CPU
	EndGlobalSection
	GlobalSection(ProjectConfigurationPlatforms) = postSolution
		{3F2C46AE-C52D-4AB7-B84F-B07FB1BE064A}.Debug|Any CPU.ActiveCfg = Debug|Any CPU
		{3F2C46AE-C52D-4AB7-B84F-B07FB1BE064A}.Debug|Any CPU.Build.0 = Debug|Any CPU
		{3F2C46AE-C52D-4AB7-B84F-B07FB1BE064A}.Release|Any CPU.ActiveCfg = Release|Any CPU
		{3F2C46AE-C52D-4AB7-B84F-B07FB1BE064A}.Release|Any CPU.Build.0 = Release|Any CPU
		{7B432978-6107-4222-AD03-FDE42ED9E0B7}.Debug|Any CPU.ActiveCfg = Debug|Any CPU
		{7B432978-6107-4222-AD03-FDE42ED9E0B7}.Debug|Any CPU.Build.0 = Debug|Any CPU
		{7B432978-6107-4222-AD03-FDE42ED9E0B7}.Release|Any CPU.ActiveCfg = Release|Any CPU
		{7B432978-6107-4222-AD03-FDE42ED9E0B7}.Release|Any CPU.Build.0 = Release|Any CPU
	EndGlobalSection
	GlobalSection(SolutionProperties) = preSolution
		HideSolutionNode = FALSE
	EndGlobalSection
	GlobalSection(ExtensibilityGlobals) = postSolution
		SolutionGuid = {B7F7EC21-9884-4784-839B-CE94934EF217}
	EndGlobalSection
EndGlobal
